// !$*UTF8*$!
{
	archiveVersion = 1;
	classes = {
	};
	objectVersion = 77;
	objects = {

/* Begin PBXBuildFile section */
		62A335772DFA443F002DEC5F /* ScanDocSDK in Frameworks */ = {isa = PBXBuildFile; productRef = 62A335762DFA443F002DEC5F /* ScanDocSDK */; };
		62A3357C2DFA5565002DEC5F /* NFCPassportReader in Frameworks */ = {isa = PBXBuildFile; productRef = 62A3357B2DFA5565002DEC5F /* NFCPassportReader */; };
/* End PBXBuildFile section */

/* Begin PBXContainerItemProxy section */
		6299BBE42DFA38DA006476E2 /* PBXContainerItemProxy */ = {
			isa = PBXContainerItemProxy;
			containerPortal = 6299BBCE2DFA38D9006476E2 /* Project object */;
			proxyType = 1;
			remoteGlobalIDString = 6299BBD52DFA38D9006476E2;
			remoteInfo = "scandoc-test";
		};
		6299BBEE2DFA38DA006476E2 /* PBXContainerItemProxy */ = {
			isa = PBXContainerItemProxy;
			containerPortal = 6299BBCE2DFA38D9006476E2 /* Project object */;
			proxyType = 1;
			remoteGlobalIDString = 6299BBD52DFA38D9006476E2;
			remoteInfo = "scandoc-test";
		};
/* End PBXContainerItemProxy section */

/* Begin PBXFileReference section */
		6299BBD62DFA38D9006476E2 /* scandoc-test.app */ = {isa = PBXFileReference; explicitFileType = wrapper.application; includeInIndex = 0; path = "scandoc-test.app"; sourceTree = BUILT_PRODUCTS_DIR; };
		6299BBE32DFA38DA006476E2 /* scandoc-testTests.xctest */ = {isa = PBXFileReference; explicitFileType = wrapper.cfbundle; includeInIndex = 0; path = "scandoc-testTests.xctest"; sourceTree = BUILT_PRODUCTS_DIR; };
		6299BBED2DFA38DA006476E2 /* scandoc-testUITests.xctest */ = {isa = PBXFileReference; explicitFileType = wrapper.cfbundle; includeInIndex = 0; path = "scandoc-testUITests.xctest"; sourceTree = BUILT_PRODUCTS_DIR; };
/* End PBXFileReference section */

/* Begin PBXFileSystemSynchronizedBuildFileExceptionSet section */
		62A335792DFA4FA6002DEC5F /* Exceptions for "scandoc-test" folder in "scandoc-test" target */ = {
			isa = PBXFileSystemSynchronizedBuildFileExceptionSet;
			membershipExceptions = (
				Info.plist,
			);
			target = 6299BBD52DFA38D9006476E2 /* scandoc-test */;
		};
/* End PBXFileSystemSynchronizedBuildFileExceptionSet section */

/* Begin PBXFileSystemSynchronizedRootGroup section */
		6299BBD82DFA38D9006476E2 /* scandoc-test */ = {
			isa = PBXFileSystemSynchronizedRootGroup;
			exceptions = (
				62A335792DFA4FA6002DEC5F /* Exceptions for "scandoc-test" folder in "scandoc-test" target */,
			);
			path = "scandoc-test";
			sourceTree = "<group>";
		};
		6299BBE62DFA38DA006476E2 /* scandoc-testTests */ = {
			isa = PBXFileSystemSynchronizedRootGroup;
			path = "scandoc-testTests";
			sourceTree = "<group>";
		};
		6299BBF02DFA38DA006476E2 /* scandoc-testUITests */ = {
			isa = PBXFileSystemSynchronizedRootGroup;
			path = "scandoc-testUITests";
			sourceTree = "<group>";
		};
/* End PBXFileSystemSynchronizedRootGroup section */

/* Begin PBXFrameworksBuildPhase section */
		6299BBD32DFA38D9006476E2 /* Frameworks */ = {
			isa = PBXFrameworksBuildPhase;
			buildActionMask = 2147483647;
			files = (
				62A335772DFA443F002DEC5F /* ScanDocSDK in Frameworks */,
				62A3357C2DFA5565002DEC5F /* NFCPassportReader in Frameworks */,
			);
			runOnlyForDeploymentPostprocessing = 0;
		};
		6299BBE02DFA38DA006476E2 /* Frameworks */ = {
			isa = PBXFrameworksBuildPhase;
			buildActionMask = 2147483647;
			files = (
			);
			runOnlyForDeploymentPostprocessing = 0;
		};
		6299BBEA2DFA38DA006476E2 /* Frameworks */ = {
			isa = PBXFrameworksBuildPhase;
			buildActionMask = 2147483647;
			files = (
			);
			runOnlyForDeploymentPostprocessing = 0;
		};
/* End PBXFrameworksBuildPhase section */

/* Begin PBXGroup section */
		6299BBCD2DFA38D9006476E2 = {
			isa = PBXGroup;
			children = (
				6299BBD82DFA38D9006476E2 /* scandoc-test */,
				6299BBE62DFA38DA006476E2 /* scandoc-testTests */,
				6299BBF02DFA38DA006476E2 /* scandoc-testUITests */,
				62A335752DFA443F002DEC5F /* Frameworks */,
				6299BBD72DFA38D9006476E2 /* Products */,
			);
			sourceTree = "<group>";
		};
		6299BBD72DFA38D9006476E2 /* Products */ = {
			isa = PBXGroup;
			children = (
				6299BBD62DFA38D9006476E2 /* scandoc-test.app */,
				6299BBE32DFA38DA006476E2 /* scandoc-testTests.xctest */,
				6299BBED2DFA38DA006476E2 /* scandoc-testUITests.xctest */,
			);
			name = Products;
			sourceTree = "<group>";
		};
		62A335752DFA443F002DEC5F /* Frameworks */ = {
			isa = PBXGroup;
			children = (
			);
			name = Frameworks;
			sourceTree = "<group>";
		};
/* End PBXGroup section */

/* Begin PBXNativeTarget section */
		6299BBD52DFA38D9006476E2 /* scandoc-test */ = {
			isa = PBXNativeTarget;
			buildConfigurationList = 6299BBF72DFA38DA006476E2 /* Build configuration list for PBXNativeTarget "scandoc-test" */;
			buildPhases = (
				6299BBD22DFA38D9006476E2 /* Sources */,
				6299BBD32DFA38D9006476E2 /* Frameworks */,
				6299BBD42DFA38D9006476E2 /* Resources */,
			);
			buildRules = (
			);
			dependencies = (
			);
			fileSystemSynchronizedGroups = (
				6299BBD82DFA38D9006476E2 /* scandoc-test */,
			);
			name = "scandoc-test";
			packageProductDependencies = (
				62A335762DFA443F002DEC5F /* ScanDocSDK */,
				62A3357B2DFA5565002DEC5F /* NFCPassportReader */,
			);
			productName = "scandoc-test";
			productReference = 6299BBD62DFA38D9006476E2 /* scandoc-test.app */;
			productType = "com.apple.product-type.application";
		};
		6299BBE22DFA38DA006476E2 /* scandoc-testTests */ = {
			isa = PBXNativeTarget;
			buildConfigurationList = 6299BBFA2DFA38DA006476E2 /* Build configuration list for PBXNativeTarget "scandoc-testTests" */;
			buildPhases = (
				6299BBDF2DFA38DA006476E2 /* Sources */,
				6299BBE02DFA38DA006476E2 /* Frameworks */,
				6299BBE12DFA38DA006476E2 /* Resources */,
			);
			buildRules = (
			);
			dependencies = (
				6299BBE52DFA38DA006476E2 /* PBXTargetDependency */,
			);
			fileSystemSynchronizedGroups = (
				6299BBE62DFA38DA006476E2 /* scandoc-testTests */,
			);
			name = "scandoc-testTests";
			packageProductDependencies = (
			);
			productName = "scandoc-testTests";
			productReference = 6299BBE32DFA38DA006476E2 /* scandoc-testTests.xctest */;
			productType = "com.apple.product-type.bundle.unit-test";
		};
		6299BBEC2DFA38DA006476E2 /* scandoc-testUITests */ = {
			isa = PBXNativeTarget;
			buildConfigurationList = 6299BBFD2DFA38DA006476E2 /* Build configuration list for PBXNativeTarget "scandoc-testUITests" */;
			buildPhases = (
				6299BBE92DFA38DA006476E2 /* Sources */,
				6299BBEA2DFA38DA006476E2 /* Frameworks */,
				6299BBEB2DFA38DA006476E2 /* Resources */,
			);
			buildRules = (
			);
			dependencies = (
				6299BBEF2DFA38DA006476E2 /* PBXTargetDependency */,
			);
			fileSystemSynchronizedGroups = (
				6299BBF02DFA38DA006476E2 /* scandoc-testUITests */,
			);
			name = "scandoc-testUITests";
			packageProductDependencies = (
			);
			productName = "scandoc-testUITests";
			productReference = 6299BBED2DFA38DA006476E2 /* scandoc-testUITests.xctest */;
			productType = "com.apple.product-type.bundle.ui-testing";
		};
/* End PBXNativeTarget section */

/* Begin PBXProject section */
		6299BBCE2DFA38D9006476E2 /* Project object */ = {
			isa = PBXProject;
			attributes = {
				BuildIndependentTargetsInParallel = 1;
				LastSwiftUpdateCheck = 1640;
				LastUpgradeCheck = 1640;
				TargetAttributes = {
					6299BBD52DFA38D9006476E2 = {
						CreatedOnToolsVersion = 16.4;
					};
					6299BBE22DFA38DA006476E2 = {
						CreatedOnToolsVersion = 16.4;
						TestTargetID = 6299BBD52DFA38D9006476E2;
					};
					6299BBEC2DFA38DA006476E2 = {
						CreatedOnToolsVersion = 16.4;
						TestTargetID = 6299BBD52DFA38D9006476E2;
					};
				};
			};
			buildConfigurationList = 6299BBD12DFA38D9006476E2 /* Build configuration list for PBXProject "scandoc-test" */;
			developmentRegion = en;
			hasScannedForEncodings = 0;
			knownRegions = (
				en,
				Base,
			);
			mainGroup = 6299BBCD2DFA38D9006476E2;
			minimizedProjectReferenceProxies = 1;
			packageReferences = (
				6299BC002DFA395E006476E2 /* XCLocalSwiftPackageReference "../../Downloads/ScanDocSDK-ios" */,
				62A3357A2DFA5557002DEC5F /* XCRemoteSwiftPackageReference "NFCPassportReader" */,
			);
			preferredProjectObjectVersion = 77;
			productRefGroup = 6299BBD72DFA38D9006476E2 /* Products */;
			projectDirPath = "";
			projectRoot = "";
			targets = (
				6299BBD52DFA38D9006476E2 /* scandoc-test */,
				6299BBE22DFA38DA006476E2 /* scandoc-testTests */,
				6299BBEC2DFA38DA006476E2 /* scandoc-testUITests */,
			);
		};
/* End PBXProject section */

/* Begin PBXResourcesBuildPhase section */
		6299BBD42DFA38D9006476E2 /* Resources */ = {
			isa = PBXResourcesBuildPhase;
			buildActionMask = 2147483647;
			files = (
			);
			runOnlyForDeploymentPostprocessing = 0;
		};
		6299BBE12DFA38DA006476E2 /* Resources */ = {
			isa = PBXResourcesBuildPhase;
			buildActionMask = 2147483647;
			files = (
			);
			runOnlyForDeploymentPostprocessing = 0;
		};
		6299BBEB2DFA38DA006476E2 /* Resources */ = {
			isa = PBXResourcesBuildPhase;
			buildActionMask = 2147483647;
			files = (
			);
			runOnlyForDeploymentPostprocessing = 0;
		};
/* End PBXResourcesBuildPhase section */

/* Begin PBXSourcesBuildPhase section */
		6299BBD22DFA38D9006476E2 /* Sources */ = {
			isa = PBXSourcesBuildPhase;
			buildActionMask = 2147483647;
			files = (
			);
			runOnlyForDeploymentPostprocessing = 0;
		};
		6299BBDF2DFA38DA006476E2 /* Sources */ = {
			isa = PBXSourcesBuildPhase;
			buildActionMask = 2147483647;
			files = (
			);
			runOnlyForDeploymentPostprocessing = 0;
		};
		6299BBE92DFA38DA006476E2 /* Sources */ = {
			isa = PBXSourcesBuildPhase;
			buildActionMask = 2147483647;
			files = (
			);
			runOnlyForDeploymentPostprocessing = 0;
		};
/* End PBXSourcesBuildPhase section */

/* Begin PBXTargetDependency section */
		6299BBE52DFA38DA006476E2 /* PBXTargetDependency */ = {
			isa = PBXTargetDependency;
			target = 6299BBD52DFA38D9006476E2 /* scandoc-test */;
			targetProxy = 6299BBE42DFA38DA006476E2 /* PBXContainerItemProxy */;
		};
		6299BBEF2DFA38DA006476E2 /* PBXTargetDependency */ = {
			isa = PBXTargetDependency;
			target = 6299BBD52DFA38D9006476E2 /* scandoc-test */;
			targetProxy = 6299BBEE2DFA38DA006476E2 /* PBXContainerItemProxy */;
		};
/* End PBXTargetDependency section */

/* Begin XCBuildConfiguration section */
		6299BBF52DFA38DA006476E2 /* Debug */ = {
			isa = XCBuildConfiguration;
			buildSettings = {
				ALWAYS_SEARCH_USER_PATHS = NO;
				ASSETCATALOG_COMPILER_GENERATE_SWIFT_ASSET_SYMBOL_EXTENSIONS = YES;
				CLANG_ANALYZER_NONNULL = YES;
				CLANG_ANALYZER_NUMBER_OBJECT_CONVERSION = YES_AGGRESSIVE;
				CLANG_CXX_LANGUAGE_STANDARD = "gnu++20";
				CLANG_ENABLE_MODULES = YES;
				CLANG_ENABLE_OBJC_ARC = YES;
				CLANG_ENABLE_OBJC_WEAK = YES;
				CLANG_WARN_BLOCK_CAPTURE_AUTORELEASING = YES;
				CLANG_WARN_BOOL_CONVERSION = YES;
				CLANG_WARN_COMMA = YES;
				CLANG_WARN_CONSTANT_CONVERSION = YES;
				CLANG_WARN_DEPRECATED_OBJC_IMPLEMENTATIONS = YES;
				CLANG_WARN_DIRECT_OBJC_ISA_USAGE = YES_ERROR;
				CLANG_WARN_DOCUMENTATION_COMMENTS = YES;
				CLANG_WARN_EMPTY_BODY = YES;
				CLANG_WARN_ENUM_CONVERSION = YES;
				CLANG_WARN_INFINITE_RECURSION = YES;
				CLANG_WARN_INT_CONVERSION = YES;
				CLANG_WARN_NON_LITERAL_NULL_CONVERSION = YES;
				CLANG_WARN_OBJC_IMPLICIT_RETAIN_SELF = YES;
				CLANG_WARN_OBJC_LITERAL_CONVERSION = YES;
				CLANG_WARN_OBJC_ROOT_CLASS = YES_ERROR;
				CLANG_WARN_QUOTED_INCLUDE_IN_FRAMEWORK_HEADER = YES;
				CLANG_WARN_RANGE_LOOP_ANALYSIS = YES;
				CLANG_WARN_STRICT_PROTOTYPES = YES;
				CLANG_WARN_SUSPICIOUS_MOVE = YES;
				CLANG_WARN_UNGUARDED_AVAILABILITY = YES_AGGRESSIVE;
				CLANG_WARN_UNREACHABLE_CODE = YES;
				CLANG_WARN__DUPLICATE_METHOD_MATCH = YES;
				COPY_PHASE_STRIP = NO;
				DEBUG_INFORMATION_FORMAT = dwarf;
				DEVELOPMENT_TEAM = NGC47FQ829;
				ENABLE_STRICT_OBJC_MSGSEND = YES;
				ENABLE_TESTABILITY = YES;
				ENABLE_USER_SCRIPT_SANDBOXING = YES;
				GCC_C_LANGUAGE_STANDARD = gnu17;
				GCC_DYNAMIC_NO_PIC = NO;
				GCC_NO_COMMON_BLOCKS = YES;
				GCC_OPTIMIZATION_LEVEL = 0;
				GCC_PREPROCESSOR_DEFINITIONS = (
					"DEBUG=1",
					"$(inherited)",
				);
				GCC_WARN_64_TO_32_BIT_CONVERSION = YES;
				GCC_WARN_ABOUT_RETURN_TYPE = YES_ERROR;
				GCC_WARN_UNDECLARED_SELECTOR = YES;
				GCC_WARN_UNINITIALIZED_AUTOS = YES_AGGRESSIVE;
				GCC_WARN_UNUSED_FUNCTION = YES;
				GCC_WARN_UNUSED_VARIABLE = YES;
				INFOPLIST_KEY_UIApplicationSceneManifest_Generation = YES;
				IPHONEOS_DEPLOYMENT_TARGET = 18.5;
				LOCALIZATION_PREFERS_STRING_CATALOGS = YES;
				MTL_ENABLE_DEBUG_INFO = INCLUDE_SOURCE;
				MTL_FAST_MATH = YES;
				ONLY_ACTIVE_ARCH = YES;
				SDKROOT = iphoneos;
				SWIFT_ACTIVE_COMPILATION_CONDITIONS = "DEBUG $(inherited)";
				SWIFT_OPTIMIZATION_LEVEL = "-Onone";
			};
			name = Debug;
		};
		6299BBF62DFA38DA006476E2 /* Release */ = {
			isa = XCBuildConfiguration;
			buildSettings = {
				ALWAYS_SEARCH_USER_PATHS = NO;
				ASSETCATALOG_COMPILER_GENERATE_SWIFT_ASSET_SYMBOL_EXTENSIONS = YES;
				CLANG_ANALYZER_NONNULL = YES;
				CLANG_ANALYZER_NUMBER_OBJECT_CONVERSION = YES_AGGRESSIVE;
				CLANG_CXX_LANGUAGE_STANDARD = "gnu++20";
				CLANG_ENABLE_MODULES = YES;
				CLANG_ENABLE_OBJC_ARC = YES;
				CLANG_ENABLE_OBJC_WEAK = YES;
				CLANG_WARN_BLOCK_CAPTURE_AUTORELEASING = YES;
				CLANG_WARN_BOOL_CONVERSION = YES;
				CLANG_WARN_COMMA = YES;
				CLANG_WARN_CONSTANT_CONVERSION = YES;
				CLANG_WARN_DEPRECATED_OBJC_IMPLEMENTATIONS = YES;
				CLANG_WARN_DIRECT_OBJC_ISA_USAGE = YES_ERROR;
				CLANG_WARN_DOCUMENTATION_COMMENTS = YES;
				CLANG_WARN_EMPTY_BODY = YES;
				CLANG_WARN_ENUM_CONVERSION = YES;
				CLANG_WARN_INFINITE_RECURSION = YES;
				CLANG_WARN_INT_CONVERSION = YES;
				CLANG_WARN_NON_LITERAL_NULL_CONVERSION = YES;
				CLANG_WARN_OBJC_IMPLICIT_RETAIN_SELF = YES;
				CLANG_WARN_OBJC_LITERAL_CONVERSION = YES;
				CLANG_WARN_OBJC_ROOT_CLASS = YES_ERROR;
				CLANG_WARN_QUOTED_INCLUDE_IN_FRAMEWORK_HEADER = YES;
				CLANG_WARN_RANGE_LOOP_ANALYSIS = YES;
				CLANG_WARN_STRICT_PROTOTYPES = YES;
				CLANG_WARN_SUSPICIOUS_MOVE = YES;
				CLANG_WARN_UNGUARDED_AVAILABILITY = YES_AGGRESSIVE;
				CLANG_WARN_UNREACHABLE_CODE = YES;
				CLANG_WARN__DUPLICATE_METHOD_MATCH = YES;
				COPY_PHASE_STRIP = NO;
				DEBUG_INFORMATION_FORMAT = "dwarf-with-dsym";
				DEVELOPMENT_TEAM = NGC47FQ829;
				ENABLE_NS_ASSERTIONS = NO;
				ENABLE_STRICT_OBJC_MSGSEND = YES;
				ENABLE_USER_SCRIPT_SANDBOXING = YES;
				GCC_C_LANGUAGE_STANDARD = gnu17;
				GCC_NO_COMMON_BLOCKS = YES;
				GCC_WARN_64_TO_32_BIT_CONVERSION = YES;
				GCC_WARN_ABOUT_RETURN_TYPE = YES_ERROR;
				GCC_WARN_UNDECLARED_SELECTOR = YES;
				GCC_WARN_UNINITIALIZED_AUTOS = YES_AGGRESSIVE;
				GCC_WARN_UNUSED_FUNCTION = YES;
				GCC_WARN_UNUSED_VARIABLE = YES;
				INFOPLIST_KEY_UIApplicationSceneManifest_Generation = YES;
				IPHONEOS_DEPLOYMENT_TARGET = 18.5;
				LOCALIZATION_PREFERS_STRING_CATALOGS = YES;
				MTL_ENABLE_DEBUG_INFO = NO;
				MTL_FAST_MATH = YES;
				SDKROOT = iphoneos;
				SWIFT_COMPILATION_MODE = wholemodule;
				VALIDATE_PRODUCT = YES;
			};
			name = Release;
		};
		6299BBF82DFA38DA006476E2 /* Debug */ = {
			isa = XCBuildConfiguration;
			buildSettings = {
				ASSETCATALOG_COMPILER_APPICON_NAME = AppIcon;
				ASSETCATALOG_COMPILER_GLOBAL_ACCENT_COLOR_NAME = AccentColor;
				CODE_SIGN_ENTITLEMENTS = "scandoc-test/scandoc-test.entitlements";
				CODE_SIGN_IDENTITY = "Apple Development";
				CODE_SIGN_STYLE = Automatic;
				CURRENT_PROJECT_VERSION = 1;
				DEVELOPMENT_TEAM = NGC47FQ829;
				ENABLE_PREVIEWS = YES;
				GENERATE_INFOPLIST_FILE = YES;
				INFOPLIST_FILE = "scandoc-test/Info.plist";
				INFOPLIST_KEY_NFCReaderUsageDescription = "This app needs access to NFC to read your passport.";
				INFOPLIST_KEY_NSCameraUsageDescription = "This device needs camera to scan your document";
				INFOPLIST_KEY_UIApplicationSceneManifest_Generation = YES;
				INFOPLIST_KEY_UIApplicationSupportsIndirectInputEvents = YES;
				INFOPLIST_KEY_UILaunchScreen_Generation = YES;
				INFOPLIST_KEY_UISupportedInterfaceOrientations_iPad = "UIInterfaceOrientationPortrait UIInterfaceOrientationPortraitUpsideDown UIInterfaceOrientationLandscapeLeft UIInterfaceOrientationLandscapeRight";
				INFOPLIST_KEY_UISupportedInterfaceOrientations_iPhone = "UIInterfaceOrientationPortrait UIInterfaceOrientationLandscapeLeft UIInterfaceOrientationLandscapeRight";
				IPHONEOS_DEPLOYMENT_TARGET = 18.5;
				LD_RUNPATH_SEARCH_PATHS = (
					"$(inherited)",
					"@executable_path/Frameworks",
				);
				MARKETING_VERSION = 1.0;
				PRODUCT_BUNDLE_IDENTIFIER = "mikos.scandoc-test-nfc";
				PRODUCT_NAME = "$(TARGET_NAME)";
				PROVISIONING_PROFILE_SPECIFIER = "";
				SWIFT_EMIT_LOC_STRINGS = YES;
				SWIFT_VERSION = 5.0;
				TARGETED_DEVICE_FAMILY = "1,2";
			};
			name = Debug;
		};
		6299BBF92DFA38DA006476E2 /* Release */ = {
			isa = XCBuildConfiguration;
			buildSettings = {
				ASSETCATALOG_COMPILER_APPICON_NAME = AppIcon;
				ASSETCATALOG_COMPILER_GLOBAL_ACCENT_COLOR_NAME = AccentColor;
				CODE_SIGN_ENTITLEMENTS = "scandoc-test/scandoc-test.entitlements";
				CODE_SIGN_IDENTITY = "Apple Development";
				CODE_SIGN_STYLE = Automatic;
				CURRENT_PROJECT_VERSION = 1;
				DEVELOPMENT_TEAM = NGC47FQ829;
				ENABLE_PREVIEWS = YES;
				GENERATE_INFOPLIST_FILE = YES;
				INFOPLIST_FILE = "scandoc-test/Info.plist";
				INFOPLIST_KEY_NFCReaderUsageDescription = "This app needs access to NFC to read your passport.";
				INFOPLIST_KEY_NSCameraUsageDescription = "This device needs camera to scan your document";
				INFOPLIST_KEY_UIApplicationSceneManifest_Generation = YES;
				INFOPLIST_KEY_UIApplicationSupportsIndirectInputEvents = YES;
				INFOPLIST_KEY_UILaunchScreen_Generation = YES;
				INFOPLIST_KEY_UISupportedInterfaceOrientations_iPad = "UIInterfaceOrientationPortrait UIInterfaceOrientationPortraitUpsideDown UIInterfaceOrientationLandscapeLeft UIInterfaceOrientationLandscapeRight";
				INFOPLIST_KEY_UISupportedInterfaceOrientations_iPhone = "UIInterfaceOrientationPortrait UIInterfaceOrientationLandscapeLeft UIInterfaceOrientationLandscapeRight";
				IPHONEOS_DEPLOYMENT_TARGET = 18.5;
				LD_RUNPATH_SEARCH_PATHS = (
					"$(inherited)",
					"@executable_path/Frameworks",
				);
				MARKETING_VERSION = 1.0;
				PRODUCT_BUNDLE_IDENTIFIER = "mikos.scandoc-test-nfc";
				PRODUCT_NAME = "$(TARGET_NAME)";
				PROVISIONING_PROFILE_SPECIFIER = "";
				SWIFT_EMIT_LOC_STRINGS = YES;
				SWIFT_VERSION = 5.0;
				TARGETED_DEVICE_FAMILY = "1,2";
			};
			name = Release;
		};
		6299BBFB2DFA38DA006476E2 /* Debug */ = {
			isa = XCBuildConfiguration;
			buildSettings = {
				BUNDLE_LOADER = "$(TEST_HOST)";
				CODE_SIGN_STYLE = Automatic;
				CURRENT_PROJECT_VERSION = 1;
				DEVELOPMENT_TEAM = 52PYR834LY;
				GENERATE_INFOPLIST_FILE = YES;
				IPHONEOS_DEPLOYMENT_TARGET = 18.5;
				MARKETING_VERSION = 1.0;
				PRODUCT_BUNDLE_IDENTIFIER = "zcapin.scandoc-testTests";
				PRODUCT_NAME = "$(TARGET_NAME)";
				SWIFT_EMIT_LOC_STRINGS = NO;
				SWIFT_VERSION = 5.0;
				TARGETED_DEVICE_FAMILY = "1,2";
				TEST_HOST = "$(BUILT_PRODUCTS_DIR)/scandoc-test.app/$(BUNDLE_EXECUTABLE_FOLDER_PATH)/scandoc-test";
			};
			name = Debug;
		};
		6299BBFC2DFA38DA006476E2 /* Release */ = {
			isa = XCBuildConfiguration;
			buildSettings = {
				BUNDLE_LOADER = "$(TEST_HOST)";
				CODE_SIGN_STYLE = Automatic;
				CURRENT_PROJECT_VERSION = 1;
				DEVELOPMENT_TEAM = 52PYR834LY;
				GENERATE_INFOPLIST_FILE = YES;
				IPHONEOS_DEPLOYMENT_TARGET = 18.5;
				MARKETING_VERSION = 1.0;
				PRODUCT_BUNDLE_IDENTIFIER = "zcapin.scandoc-testTests";
				PRODUCT_NAME = "$(TARGET_NAME)";
				SWIFT_EMIT_LOC_STRINGS = NO;
				SWIFT_VERSION = 5.0;
				TARGETED_DEVICE_FAMILY = "1,2";
				TEST_HOST = "$(BUILT_PRODUCTS_DIR)/scandoc-test.app/$(BUNDLE_EXECUTABLE_FOLDER_PATH)/scandoc-test";
			};
			name = Release;
		};
		6299BBFE2DFA38DA006476E2 /* Debug */ = {
			isa = XCBuildConfiguration;
			buildSettings = {
				CODE_SIGN_STYLE = Automatic;
				CURRENT_PROJECT_VERSION = 1;
				DEVELOPMENT_TEAM = 52PYR834LY;
				GENERATE_INFOPLIST_FILE = YES;
				MARKETING_VERSION = 1.0;
				PRODUCT_BUNDLE_IDENTIFIER = "zcapin.scandoc-testUITests";
				PRODUCT_NAME = "$(TARGET_NAME)";
				SWIFT_EMIT_LOC_STRINGS = NO;
				SWIFT_VERSION = 5.0;
				TARGETED_DEVICE_FAMILY = "1,2";
				TEST_TARGET_NAME = "scandoc-test";
			};
			name = Debug;
		};
		6299BBFF2DFA38DA006476E2 /* Release */ = {
			isa = XCBuildConfiguration;
			buildSettings = {
				CODE_SIGN_STYLE = Automatic;
				CURRENT_PROJECT_VERSION = 1;
				DEVELOPMENT_TEAM = 52PYR834LY;
				GENERATE_INFOPLIST_FILE = YES;
				MARKETING_VERSION = 1.0;
				PRODUCT_BUNDLE_IDENTIFIER = "zcapin.scandoc-testUITests";
				PRODUCT_NAME = "$(TARGET_NAME)";
				SWIFT_EMIT_LOC_STRINGS = NO;
				SWIFT_VERSION = 5.0;
				TARGETED_DEVICE_FAMILY = "1,2";
				TEST_TARGET_NAME = "scandoc-test";
			};
			name = Release;
		};
/* End XCBuildConfiguration section */

/* Begin XCConfigurationList section */
		6299BBD12DFA38D9006476E2 /* Build configuration list for PBXProject "scandoc-test" */ = {
			isa = XCConfigurationList;
			buildConfigurations = (
				6299BBF52DFA38DA006476E2 /* Debug */,
				6299BBF62DFA38DA006476E2 /* Release */,
			);
			defaultConfigurationIsVisible = 0;
			defaultConfigurationName = Release;
		};
		6299BBF72DFA38DA006476E2 /* Build configuration list for PBXNativeTarget "scandoc-test" */ = {
			isa = XCConfigurationList;
			buildConfigurations = (
				6299BBF82DFA38DA006476E2 /* Debug */,
				6299BBF92DFA38DA006476E2 /* Release */,
			);
			defaultConfigurationIsVisible = 0;
			defaultConfigurationName = Release;
		};
		6299BBFA2DFA38DA006476E2 /* Build configuration list for PBXNativeTarget "scandoc-testTests" */ = {
			isa = XCConfigurationList;
			buildConfigurations = (
				6299BBFB2DFA38DA006476E2 /* Debug */,
				6299BBFC2DFA38DA006476E2 /* Release */,
			);
			defaultConfigurationIsVisible = 0;
			defaultConfigurationName = Release;
		};
		6299BBFD2DFA38DA006476E2 /* Build configuration list for PBXNativeTarget "scandoc-testUITests" */ = {
			isa = XCConfigurationList;
			buildConfigurations = (
				6299BBFE2DFA38DA006476E2 /* Debug */,
				6299BBFF2DFA38DA006476E2 /* Release */,
			);
			defaultConfigurationIsVisible = 0;
			defaultConfigurationName = Release;
		};
/* End XCConfigurationList section */

/* Begin XCLocalSwiftPackageReference section */
		6299BC002DFA395E006476E2 /* XCLocalSwiftPackageReference "../../Downloads/ScanDocSDK-ios" */ = {
			isa = XCLocalSwiftPackageReference;
			relativePath = "../../Downloads/ScanDocSDK-ios";
		};
/* End XCLocalSwiftPackageReference section */

/* Begin XCRemoteSwiftPackageReference section */
		62A3357A2DFA5557002DEC5F /* XCRemoteSwiftPackageReference "NFCPassportReader" */ = {
			isa = XCRemoteSwiftPackageReference;
			repositoryURL = "https://github.com/AndyQ/NFCPassportReader";
			requirement = {
				kind = exactVersion;
				version = 2.1.2;
			};
		};
/* End XCRemoteSwiftPackageReference section */

/* Begin XCSwiftPackageProductDependency section */
		62A335762DFA443F002DEC5F /* ScanDocSDK */ = {
			isa = XCSwiftPackageProductDependency;
			package = 6299BC002DFA395E006476E2 /* XCLocalSwiftPackageReference "../../Downloads/ScanDocSDK-ios" */;
			productName = ScanDocSDK;
		};
		62A3357B2DFA5565002DEC5F /* NFCPassportReader */ = {
			isa = XCSwiftPackageProductDependency;
			package = 62A3357A2DFA5557002DEC5F /* XCRemoteSwiftPackageReference "NFCPassportReader" */;
			productName = NFCPassportReader;
		};
/* End XCSwiftPackageProductDependency section */
	};
	rootObject = 6299BBCE2DFA38D9006476E2 /* Project object */;
}
